
Microsoft Visual Studio Solution File, Format Version 12.00
# Visual Studio Version 16
VisualStudioVersion = 16.0.30621.155
MinimumVisualStudioVersion = 10.0.40219.1
Project("{9A19103F-16F7-4668-BE54-9A1E7A4F7556}") = "ContosoCrafts.WebSite", "ContosoCrafts.WebSite\ContosoCrafts.WebSite.csproj", "{6919295E-F2A8-4608-B22F-CF8BDA2EE6D2}"
EndProject
Global
	GlobalSection(SolutionConfigurationPlatforms) = preSolution
		Debug|Any CPU = Debug|Any CPU
		Release|Any CPU = Release|Any CPU
	EndGlobalSection
	GlobalSection(ProjectConfigurationPlatforms) = postSolution
		{6919295E-F2A8-4608-B22F-CF8BDA2EE6D2}.Debug|Any CPU.ActiveCfg = Debug|Any CPU
		{6919295E-F2A8-4608-B22F-CF8BDA2EE6D2}.Debug|Any CPU.Build.0 = Debug|Any CPU
		{6919295E-F2A8-4608-B22F-CF8BDA2EE6D2}.Release|Any CPU.ActiveCfg = Release|Any CPU
		{6919295E-F2A8-4608-B22F-CF8BDA2EE6D2}.Release|Any CPU.Build.0 = Release|Any CPU
	EndGlobalSection
	GlobalSection(SolutionProperties) = preSolution
		HideSolutionNode = FALSE
	EndGlobalSection
	GlobalSection(ExtensibilityGlobals) = postSolution
		SolutionGuid = {7B1F39C0-D035-4832-AE38-17C5F7F6E6F6}
	EndGlobalSection
EndGlobal
